
Microsoft Visual Studio Solution File, Format Version 12.00
# Visual Studio 14
VisualStudioVersion = 14.0.25420.1
MinimumVisualStudioVersion = 10.0.40219.1
Project("{FAE04EC0-301F-11D3-BF4B-00C04F79EFBC}") = "SIS", "SIS\SIS.csproj", "{E0394733-FEBF-4BA1-91F7-28D4C06ECC16}"
EndProject
Project("{FAE04EC0-301F-11D3-BF4B-00C04F79EFBC}") = "SIS.BDD", "SIS.BDD\SIS.BDD.csproj", "{2972CE06-95DC-4AD2-ADF2-6058F13A8E7E}"
EndProject
Project("{FAE04EC0-301F-11D3-BF4B-00C04F79EFBC}") = "SIS.PL", "SIS.PL\SIS.PL.csproj", "{2DB26451-B962-450A-8C1B-5A05F49A72FC}"
EndProject
Project("{FAE04EC0-301F-11D3-BF4B-00C04F79EFBC}") = "SIS.ReadModel", "SIS.ReadModel\SIS.ReadModel.csproj", "{D0024AA4-BB66-4231-9B11-EF62F208D858}"
EndProject
Project("{2150E333-8FDC-42A3-9474-1A3956D46DE8}") = "WriteModel", "WriteModel", "{2EA2817B-34A3-4A52-A7DC-457A3A063D0A}"
EndProject
Project("{2150E333-8FDC-42A3-9474-1A3956D46DE8}") = "ReadModel", "ReadModel", "{A52C1B34-5C9E-4EC7-A54E-DA69D94FD630}"
EndProject
Project("{FAE04EC0-301F-11D3-BF4B-00C04F79EFBC}") = "SIS.ReadModel.Tests", "SIS.ReadModel.Tests\SIS.ReadModel.Tests.csproj", "{AD4E3C7C-BB95-4EA5-A370-8B7AF08CEE2E}"
EndProject
Project("{FAE04EC0-301F-11D3-BF4B-00C04F79EFBC}") = "SIS.Projections", "SIS.Projections\SIS.Projections.csproj", "{4E3BE30A-051A-4158-BC6B-E8EC015FD0F1}"
EndProject
Project("{FAE04EC0-301F-11D3-BF4B-00C04F79EFBC}") = "SIS.Projections.Tests", "SIS.Projections.Tests\SIS.Projections.Tests.csproj", "{F2786676-F654-4F5F-9625-CE5637BBBAAE}"
EndProject
Project("{FAE04EC0-301F-11D3-BF4B-00C04F79EFBC}") = "SIS.Application", "SIS.Application\SIS.Application.csproj", "{83C319CC-C869-4EB8-89E0-7DB1B8B13893}"
EndProject
Project("{FAE04EC0-301F-11D3-BF4B-00C04F79EFBC}") = "SIS.Projector", "SIS.Projector\SIS.Projector.csproj", "{ABDDA995-255A-45A5-A0A3-761D65A2D39E}"
EndProject
Global
	GlobalSection(SolutionConfigurationPlatforms) = preSolution
		Debug|Any CPU = Debug|Any CPU
		Release|Any CPU = Release|Any CPU
	EndGlobalSection
	GlobalSection(ProjectConfigurationPlatforms) = postSolution
		{E0394733-FEBF-4BA1-91F7-28D4C06ECC16}.Debug|Any CPU.ActiveCfg = Debug|Any CPU
		{E0394733-FEBF-4BA1-91F7-28D4C06ECC16}.Debug|Any CPU.Build.0 = Debug|Any CPU
		{E0394733-FEBF-4BA1-91F7-28D4C06ECC16}.Release|Any CPU.ActiveCfg = Release|Any CPU
		{E0394733-FEBF-4BA1-91F7-28D4C06ECC16}.Release|Any CPU.Build.0 = Release|Any CPU
		{2972CE06-95DC-4AD2-ADF2-6058F13A8E7E}.Debug|Any CPU.ActiveCfg = Debug|Any CPU
		{2972CE06-95DC-4AD2-ADF2-6058F13A8E7E}.Debug|Any CPU.Build.0 = Debug|Any CPU
		{2972CE06-95DC-4AD2-ADF2-6058F13A8E7E}.Release|Any CPU.ActiveCfg = Release|Any CPU
		{2972CE06-95DC-4AD2-ADF2-6058F13A8E7E}.Release|Any CPU.Build.0 = Release|Any CPU
		{2DB26451-B962-450A-8C1B-5A05F49A72FC}.Debug|Any CPU.ActiveCfg = Debug|Any CPU
		{2DB26451-B962-450A-8C1B-5A05F49A72FC}.Debug|Any CPU.Build.0 = Debug|Any CPU
		{2DB26451-B962-450A-8C1B-5A05F49A72FC}.Release|Any CPU.ActiveCfg = Release|Any CPU
		{2DB26451-B962-450A-8C1B-5A05F49A72FC}.Release|Any CPU.Build.0 = Release|Any CPU
		{D0024AA4-BB66-4231-9B11-EF62F208D858}.Debug|Any CPU.ActiveCfg = Debug|Any CPU
		{D0024AA4-BB66-4231-9B11-EF62F208D858}.Debug|Any CPU.Build.0 = Debug|Any CPU
		{D0024AA4-BB66-4231-9B11-EF62F208D858}.Release|Any CPU.ActiveCfg = Release|Any CPU
		{D0024AA4-BB66-4231-9B11-EF62F208D858}.Release|Any CPU.Build.0 = Release|Any CPU
		{AD4E3C7C-BB95-4EA5-A370-8B7AF08CEE2E}.Debug|Any CPU.ActiveCfg = Debug|Any CPU
		{AD4E3C7C-BB95-4EA5-A370-8B7AF08CEE2E}.Debug|Any CPU.Build.0 = Debug|Any CPU
		{AD4E3C7C-BB95-4EA5-A370-8B7AF08CEE2E}.Release|Any CPU.ActiveCfg = Release|Any CPU
		{AD4E3C7C-BB95-4EA5-A370-8B7AF08CEE2E}.Release|Any CPU.Build.0 = Release|Any CPU
		{4E3BE30A-051A-4158-BC6B-E8EC015FD0F1}.Debug|Any CPU.ActiveCfg = Debug|Any CPU
		{4E3BE30A-051A-4158-BC6B-E8EC015FD0F1}.Debug|Any CPU.Build.0 = Debug|Any CPU
		{4E3BE30A-051A-4158-BC6B-E8EC015FD0F1}.Release|Any CPU.ActiveCfg = Release|Any CPU
		{4E3BE30A-051A-4158-BC6B-E8EC015FD0F1}.Release|Any CPU.Build.0 = Release|Any CPU
		{F2786676-F654-4F5F-9625-CE5637BBBAAE}.Debug|Any CPU.ActiveCfg = Debug|Any CPU
		{F2786676-F654-4F5F-9625-CE5637BBBAAE}.Debug|Any CPU.Build.0 = Debug|Any CPU
		{F2786676-F654-4F5F-9625-CE5637BBBAAE}.Release|Any CPU.ActiveCfg = Release|Any CPU
		{F2786676-F654-4F5F-9625-CE5637BBBAAE}.Release|Any CPU.Build.0 = Release|Any CPU
		{83C319CC-C869-4EB8-89E0-7DB1B8B13893}.Debug|Any CPU.ActiveCfg = Debug|Any CPU
		{83C319CC-C869-4EB8-89E0-7DB1B8B13893}.Debug|Any CPU.Build.0 = Debug|Any CPU
		{83C319CC-C869-4EB8-89E0-7DB1B8B13893}.Release|Any CPU.ActiveCfg = Release|Any CPU
		{83C319CC-C869-4EB8-89E0-7DB1B8B13893}.Release|Any CPU.Build.0 = Release|Any CPU
		{ABDDA995-255A-45A5-A0A3-761D65A2D39E}.Debug|Any CPU.ActiveCfg = Debug|Any CPU
		{ABDDA995-255A-45A5-A0A3-761D65A2D39E}.Debug|Any CPU.Build.0 = Debug|Any CPU
		{ABDDA995-255A-45A5-A0A3-761D65A2D39E}.Release|Any CPU.ActiveCfg = Release|Any CPU
		{ABDDA995-255A-45A5-A0A3-761D65A2D39E}.Release|Any CPU.Build.0 = Release|Any CPU
	EndGlobalSection
	GlobalSection(SolutionProperties) = preSolution
		HideSolutionNode = FALSE
	EndGlobalSection
	GlobalSection(NestedProjects) = preSolution
		{E0394733-FEBF-4BA1-91F7-28D4C06ECC16} = {2EA2817B-34A3-4A52-A7DC-457A3A063D0A}
		{2972CE06-95DC-4AD2-ADF2-6058F13A8E7E} = {2EA2817B-34A3-4A52-A7DC-457A3A063D0A}
		{D0024AA4-BB66-4231-9B11-EF62F208D858} = {A52C1B34-5C9E-4EC7-A54E-DA69D94FD630}
		{AD4E3C7C-BB95-4EA5-A370-8B7AF08CEE2E} = {A52C1B34-5C9E-4EC7-A54E-DA69D94FD630}
		{4E3BE30A-051A-4158-BC6B-E8EC015FD0F1} = {A52C1B34-5C9E-4EC7-A54E-DA69D94FD630}
		{F2786676-F654-4F5F-9625-CE5637BBBAAE} = {A52C1B34-5C9E-4EC7-A54E-DA69D94FD630}
		{83C319CC-C869-4EB8-89E0-7DB1B8B13893} = {2EA2817B-34A3-4A52-A7DC-457A3A063D0A}
		{ABDDA995-255A-45A5-A0A3-761D65A2D39E} = {A52C1B34-5C9E-4EC7-A54E-DA69D94FD630}
	EndGlobalSection
EndGlobal
