
Microsoft Visual Studio Solution File, Format Version 12.00
# Visual Studio 14
VisualStudioVersion = 14.0.25420.1
MinimumVisualStudioVersion = 10.0.40219.1
Project("{FAE04EC0-301F-11D3-BF4B-00C04F79EFBC}") = "SIS", "SIS\SIS.csproj", "{E0394733-FEBF-4BA1-91F7-28D4C06ECC16}"
EndProject
Project("{FAE04EC0-301F-11D3-BF4B-00C04F79EFBC}") = "SIS.BDD", "SIS.BDD\SIS.BDD.csproj", "{2972CE06-95DC-4AD2-ADF2-6058F13A8E7E}"
EndProject
Project("{FAE04EC0-301F-11D3-BF4B-00C04F79EFBC}") = "SIS.PL", "SIS.PL\SIS.PL.csproj", "{2DB26451-B962-450A-8C1B-5A05F49A72FC}"
EndProject
Project("{FAE04EC0-301F-11D3-BF4B-00C04F79EFBC}") = "SIS.ReadModel", "SIS.ReadModel\SIS.ReadModel.csproj", "{D0024AA4-BB66-4231-9B11-EF62F208D858}"
EndProject
Project("{2150E333-8FDC-42A3-9474-1A3956D46DE8}") = "WriteModel", "WriteModel", "{2EA2817B-34A3-4A52-A7DC-457A3A063D0A}"
EndProject
Project("{2150E333-8FDC-42A3-9474-1A3956D46DE8}") = "ReadModel", "ReadModel", "{A52C1B34-5C9E-4EC7-A54E-DA69D94FD630}"
EndProject
Project("{FAE04EC0-301F-11D3-BF4B-00C04F79EFBC}") = "SIS.ReadModel.TDD", "SIS.ReadModel.TDD\SIS.ReadModel.TDD.csproj", "{C10091BF-F162-465C-91B6-A300692756AE}"
EndProject
Global
	GlobalSection(SolutionConfigurationPlatforms) = preSolution
		Debug|Any CPU = Debug|Any CPU
		Release|Any CPU = Release|Any CPU
	EndGlobalSection
	GlobalSection(ProjectConfigurationPlatforms) = postSolution
		{E0394733-FEBF-4BA1-91F7-28D4C06ECC16}.Debug|Any CPU.ActiveCfg = Debug|Any CPU
		{E0394733-FEBF-4BA1-91F7-28D4C06ECC16}.Debug|Any CPU.Build.0 = Debug|Any CPU
		{E0394733-FEBF-4BA1-91F7-28D4C06ECC16}.Release|Any CPU.ActiveCfg = Release|Any CPU
		{E0394733-FEBF-4BA1-91F7-28D4C06ECC16}.Release|Any CPU.Build.0 = Release|Any CPU
		{2972CE06-95DC-4AD2-ADF2-6058F13A8E7E}.Debug|Any CPU.ActiveCfg = Debug|Any CPU
		{2972CE06-95DC-4AD2-ADF2-6058F13A8E7E}.Debug|Any CPU.Build.0 = Debug|Any CPU
		{2972CE06-95DC-4AD2-ADF2-6058F13A8E7E}.Release|Any CPU.ActiveCfg = Release|Any CPU
		{2972CE06-95DC-4AD2-ADF2-6058F13A8E7E}.Release|Any CPU.Build.0 = Release|Any CPU
		{2DB26451-B962-450A-8C1B-5A05F49A72FC}.Debug|Any CPU.ActiveCfg = Debug|Any CPU
		{2DB26451-B962-450A-8C1B-5A05F49A72FC}.Debug|Any CPU.Build.0 = Debug|Any CPU
		{2DB26451-B962-450A-8C1B-5A05F49A72FC}.Release|Any CPU.ActiveCfg = Release|Any CPU
		{2DB26451-B962-450A-8C1B-5A05F49A72FC}.Release|Any CPU.Build.0 = Release|Any CPU
		{D0024AA4-BB66-4231-9B11-EF62F208D858}.Debug|Any CPU.ActiveCfg = Debug|Any CPU
		{D0024AA4-BB66-4231-9B11-EF62F208D858}.Debug|Any CPU.Build.0 = Debug|Any CPU
		{D0024AA4-BB66-4231-9B11-EF62F208D858}.Release|Any CPU.ActiveCfg = Release|Any CPU
		{D0024AA4-BB66-4231-9B11-EF62F208D858}.Release|Any CPU.Build.0 = Release|Any CPU
		{C10091BF-F162-465C-91B6-A300692756AE}.Debug|Any CPU.ActiveCfg = Debug|Any CPU
		{C10091BF-F162-465C-91B6-A300692756AE}.Debug|Any CPU.Build.0 = Debug|Any CPU
		{C10091BF-F162-465C-91B6-A300692756AE}.Release|Any CPU.ActiveCfg = Release|Any CPU
		{C10091BF-F162-465C-91B6-A300692756AE}.Release|Any CPU.Build.0 = Release|Any CPU
	EndGlobalSection
	GlobalSection(SolutionProperties) = preSolution
		HideSolutionNode = FALSE
	EndGlobalSection
	GlobalSection(NestedProjects) = preSolution
		{E0394733-FEBF-4BA1-91F7-28D4C06ECC16} = {2EA2817B-34A3-4A52-A7DC-457A3A063D0A}
		{2972CE06-95DC-4AD2-ADF2-6058F13A8E7E} = {2EA2817B-34A3-4A52-A7DC-457A3A063D0A}
		{D0024AA4-BB66-4231-9B11-EF62F208D858} = {A52C1B34-5C9E-4EC7-A54E-DA69D94FD630}
		{C10091BF-F162-465C-91B6-A300692756AE} = {A52C1B34-5C9E-4EC7-A54E-DA69D94FD630}
	EndGlobalSection
EndGlobal
